
Microsoft Visual Studio Solution File, Format Version 12.00
# Visual Studio Version 17
VisualStudioVersion = 17.13.35828.75 d17.13
MinimumVisualStudioVersion = 10.0.40219.1
Project("{FAE04EC0-301F-11D3-BF4B-00C04F79EFBC}") = "Excel_Operations", "Excel_Operations.csproj", "{45889259-1D9C-403F-8078-EDC92E072BCF}"
EndProject
Global
	GlobalSection(SolutionConfigurationPlatforms) = preSolution
		Debug|Any CPU = Debug|Any CPU
		Release|Any CPU = Release|Any CPU
	EndGlobalSection
	GlobalSection(ProjectConfigurationPlatforms) = postSolution
		{45889259-1D9C-403F-8078-EDC92E072BCF}.Debug|Any CPU.ActiveCfg = Debug|Any CPU
		{45889259-1D9C-403F-8078-EDC92E072BCF}.Debug|Any CPU.Build.0 = Debug|Any CPU
		{45889259-1D9C-403F-8078-EDC92E072BCF}.Release|Any CPU.ActiveCfg = Release|Any CPU
		{45889259-1D9C-403F-8078-EDC92E072BCF}.Release|Any CPU.Build.0 = Release|Any CPU
	EndGlobalSection
	GlobalSection(SolutionProperties) = preSolution
		HideSolutionNode = FALSE
	EndGlobalSection
	GlobalSection(ExtensibilityGlobals) = postSolution
		SolutionGuid = {126C92DE-3DA4-4921-AC48-4A01CE1DD79C}
	EndGlobalSection
EndGlobal
